
Microsoft Visual Studio Solution File, Format Version 12.00
# Visual Studio Version 16
VisualStudioVersion = 16.0.30204.135
MinimumVisualStudioVersion = 10.0.40219.1
Project("{FAE04EC0-301F-11D3-BF4B-00C04F79EFBC}") = "WSTower_Midnight.Android", "WSTower_Midnight\WSTower_Midnight.Android\WSTower_Midnight.Android.csproj", "{588A69B5-D305-415A-B802-D7045C7EB561}"
EndProject
Project("{FAE04EC0-301F-11D3-BF4B-00C04F79EFBC}") = "WSTower_Midnight", "WSTower_Midnight\WSTower_Midnight\WSTower_Midnight.csproj", "{6B6C6F13-A839-4E70-A773-CF05B7C6D678}"
EndProject
Global
	GlobalSection(SolutionConfigurationPlatforms) = preSolution
		Debug|Any CPU = Debug|Any CPU
		Release|Any CPU = Release|Any CPU
	EndGlobalSection
	GlobalSection(ProjectConfigurationPlatforms) = postSolution
		{588A69B5-D305-415A-B802-D7045C7EB561}.Debug|Any CPU.ActiveCfg = Debug|Any CPU
		{588A69B5-D305-415A-B802-D7045C7EB561}.Debug|Any CPU.Build.0 = Debug|Any CPU
		{588A69B5-D305-415A-B802-D7045C7EB561}.Debug|Any CPU.Deploy.0 = Debug|Any CPU
		{588A69B5-D305-415A-B802-D7045C7EB561}.Release|Any CPU.ActiveCfg = Release|Any CPU
		{588A69B5-D305-415A-B802-D7045C7EB561}.Release|Any CPU.Build.0 = Release|Any CPU
		{588A69B5-D305-415A-B802-D7045C7EB561}.Release|Any CPU.Deploy.0 = Release|Any CPU
		{6B6C6F13-A839-4E70-A773-CF05B7C6D678}.Debug|Any CPU.ActiveCfg = Debug|Any CPU
		{6B6C6F13-A839-4E70-A773-CF05B7C6D678}.Debug|Any CPU.Build.0 = Debug|Any CPU
		{6B6C6F13-A839-4E70-A773-CF05B7C6D678}.Debug|Any CPU.Deploy.0 = Debug|Any CPU
		{6B6C6F13-A839-4E70-A773-CF05B7C6D678}.Release|Any CPU.ActiveCfg = Release|Any CPU
		{6B6C6F13-A839-4E70-A773-CF05B7C6D678}.Release|Any CPU.Build.0 = Release|Any CPU
		{6B6C6F13-A839-4E70-A773-CF05B7C6D678}.Release|Any CPU.Deploy.0 = Release|Any CPU
	EndGlobalSection
	GlobalSection(SolutionProperties) = preSolution
		HideSolutionNode = FALSE
	EndGlobalSection
	GlobalSection(ExtensibilityGlobals) = postSolution
		SolutionGuid = {A13AF791-4ECB-4426-B113-E8172FBCE1F2}
	EndGlobalSection
EndGlobal
